
Microsoft Visual Studio Solution File, Format Version 12.00
# Visual Studio 15
VisualStudioVersion = 15.0.28010.2048
MinimumVisualStudioVersion = 10.0.40219.1
Project("{FAE04EC0-301F-11D3-BF4B-00C04F79EFBC}") = "LinqToObjects", "LinqToObjects\LinqToObjects.csproj", "{F9189020-4E65-4565-9472-390199B2F3F7}"
EndProject
Global
	GlobalSection(SolutionConfigurationPlatforms) = preSolution
		Debug|Any CPU = Debug|Any CPU
		Release|Any CPU = Release|Any CPU
	EndGlobalSection
	GlobalSection(ProjectConfigurationPlatforms) = postSolution
		{F9189020-4E65-4565-9472-390199B2F3F7}.Debug|Any CPU.ActiveCfg = Debug|Any CPU
		{F9189020-4E65-4565-9472-390199B2F3F7}.Debug|Any CPU.Build.0 = Debug|Any CPU
		{F9189020-4E65-4565-9472-390199B2F3F7}.Release|Any CPU.ActiveCfg = Release|Any CPU
		{F9189020-4E65-4565-9472-390199B2F3F7}.Release|Any CPU.Build.0 = Release|Any CPU
	EndGlobalSection
	GlobalSection(SolutionProperties) = preSolution
		HideSolutionNode = FALSE
	EndGlobalSection
	GlobalSection(ExtensibilityGlobals) = postSolution
		SolutionGuid = {24F4076F-9C64-4BCF-A466-ECAA699B158D}
	EndGlobalSection
EndGlobal
